
Microsoft Visual Studio Solution File, Format Version 12.00
# Visual Studio Version 17
VisualStudioVersion = 17.9.34723.18
MinimumVisualStudioVersion = 10.0.40219.1
Project("{FAE04EC0-301F-11D3-BF4B-00C04F79EFBC}") = "Calculator", "Calculator\Calculator.csproj", "{8EEC84E1-0617-43F5-9BED-E202B3300038}"
EndProject
Global
	GlobalSection(SolutionConfigurationPlatforms) = preSolution
		Debug|Any CPU = Debug|Any CPU
		Release|Any CPU = Release|Any CPU
	EndGlobalSection
	GlobalSection(ProjectConfigurationPlatforms) = postSolution
		{8EEC84E1-0617-43F5-9BED-E202B3300038}.Debug|Any CPU.ActiveCfg = Debug|Any CPU
		{8EEC84E1-0617-43F5-9BED-E202B3300038}.Debug|Any CPU.Build.0 = Debug|Any CPU
		{8EEC84E1-0617-43F5-9BED-E202B3300038}.Release|Any CPU.ActiveCfg = Release|Any CPU
		{8EEC84E1-0617-43F5-9BED-E202B3300038}.Release|Any CPU.Build.0 = Release|Any CPU
	EndGlobalSection
	GlobalSection(SolutionProperties) = preSolution
		HideSolutionNode = FALSE
	EndGlobalSection
	GlobalSection(ExtensibilityGlobals) = postSolution
		SolutionGuid = {70437F76-8A68-4B80-BA0B-84FC6689362C}
	EndGlobalSection
EndGlobal
